// !$*UTF8*$!
{
	archiveVersion = 1;
	classes = {
	};
	objectVersion = 56;
	objects = {

/* Begin PBXBuildFile section */
		DF30D29229D1C97E0084CA66 /* AppDelegate.swift in Sources */ = {isa = PBXBuildFile; fileRef = DF30D29129D1C97E0084CA66 /* AppDelegate.swift */; };
		DF30D29429D1C97E0084CA66 /* SceneDelegate.swift in Sources */ = {isa = PBXBuildFile; fileRef = DF30D29329D1C97E0084CA66 /* SceneDelegate.swift */; };
		DF30D29629D1C97E0084CA66 /* ViewController.swift in Sources */ = {isa = PBXBuildFile; fileRef = DF30D29529D1C97E0084CA66 /* ViewController.swift */; };
		DF30D29929D1C97E0084CA66 /* Main.storyboard in Resources */ = {isa = PBXBuildFile; fileRef = DF30D29729D1C97E0084CA66 /* Main.storyboard */; };
		DF30D29C29D1C97E0084CA66 /* Abhi.xcdatamodeld in Sources */ = {isa = PBXBuildFile; fileRef = DF30D29A29D1C97E0084CA66 /* Abhi.xcdatamodeld */; };
		DF30D29E29D1C9800084CA66 /* Assets.xcassets in Resources */ = {isa = PBXBuildFile; fileRef = DF30D29D29D1C9800084CA66 /* Assets.xcassets */; };
		DF30D2A129D1C9800084CA66 /* LaunchScreen.storyboard in Resources */ = {isa = PBXBuildFile; fileRef = DF30D29F29D1C9800084CA66 /* LaunchScreen.storyboard */; };
		DF30D2AC29D1C9800084CA66 /* AbhiTests.swift in Sources */ = {isa = PBXBuildFile; fileRef = DF30D2AB29D1C9800084CA66 /* AbhiTests.swift */; };
		DF30D2B629D1C9800084CA66 /* AbhiUITests.swift in Sources */ = {isa = PBXBuildFile; fileRef = DF30D2B529D1C9800084CA66 /* AbhiUITests.swift */; };
		DF30D2B829D1C9800084CA66 /* AbhiUITestsLaunchTests.swift in Sources */ = {isa = PBXBuildFile; fileRef = DF30D2B729D1C9800084CA66 /* AbhiUITestsLaunchTests.swift */; };
/* End PBXBuildFile section */

/* Begin PBXContainerItemProxy section */
		DF30D2A829D1C9800084CA66 /* PBXContainerItemProxy */ = {
			isa = PBXContainerItemProxy;
			containerPortal = DF30D28629D1C97E0084CA66 /* Project object */;
			proxyType = 1;
			remoteGlobalIDString = DF30D28D29D1C97E0084CA66;
			remoteInfo = Abhi;
		};
		DF30D2B229D1C9800084CA66 /* PBXContainerItemProxy */ = {
			isa = PBXContainerItemProxy;
			containerPortal = DF30D28629D1C97E0084CA66 /* Project object */;
			proxyType = 1;
			remoteGlobalIDString = DF30D28D29D1C97E0084CA66;
			remoteInfo = Abhi;
		};
/* End PBXContainerItemProxy section */

/* Begin PBXFileReference section */
		DF30D28E29D1C97E0084CA66 /* Abhi.app */ = {isa = PBXFileReference; explicitFileType = wrapper.application; includeInIndex = 0; path = Abhi.app; sourceTree = BUILT_PRODUCTS_DIR; };
		DF30D29129D1C97E0084CA66 /* AppDelegate.swift */ = {isa = PBXFileReference; lastKnownFileType = sourcecode.swift; path = AppDelegate.swift; sourceTree = "<group>"; };
		DF30D29329D1C97E0084CA66 /* SceneDelegate.swift */ = {isa = PBXFileReference; lastKnownFileType = sourcecode.swift; path = SceneDelegate.swift; sourceTree = "<group>"; };
		DF30D29529D1C97E0084CA66 /* ViewController.swift */ = {isa = PBXFileReference; lastKnownFileType = sourcecode.swift; path = ViewController.swift; sourceTree = "<group>"; };
		DF30D29829D1C97E0084CA66 /* Base */ = {isa = PBXFileReference; lastKnownFileType = file.storyboard; name = Base; path = Base.lproj/Main.storyboard; sourceTree = "<group>"; };
		DF30D29B29D1C97E0084CA66 /* Abhi.xcdatamodel */ = {isa = PBXFileReference; lastKnownFileType = wrapper.xcdatamodel; path = Abhi.xcdatamodel; sourceTree = "<group>"; };
		DF30D29D29D1C9800084CA66 /* Assets.xcassets */ = {isa = PBXFileReference; lastKnownFileType = folder.assetcatalog; path = Assets.xcassets; sourceTree = "<group>"; };
		DF30D2A029D1C9800084CA66 /* Base */ = {isa = PBXFileReference; lastKnownFileType = file.storyboard; name = Base; path = Base.lproj/LaunchScreen.storyboard; sourceTree = "<group>"; };
		DF30D2A229D1C9800084CA66 /* Info.plist */ = {isa = PBXFileReference; lastKnownFileType = text.plist.xml; path = Info.plist; sourceTree = "<group>"; };
		DF30D2A729D1C9800084CA66 /* AbhiTests.xctest */ = {isa = PBXFileReference; explicitFileType = wrapper.cfbundle; includeInIndex = 0; path = AbhiTests.xctest; sourceTree = BUILT_PRODUCTS_DIR; };
		DF30D2AB29D1C9800084CA66 /* AbhiTests.swift */ = {isa = PBXFileReference; lastKnownFileType = sourcecode.swift; path = AbhiTests.swift; sourceTree = "<group>"; };
		DF30D2B129D1C9800084CA66 /* AbhiUITests.xctest */ = {isa = PBXFileReference; explicitFileType = wrapper.cfbundle; includeInIndex = 0; path = AbhiUITests.xctest; sourceTree = BUILT_PRODUCTS_DIR; };
		DF30D2B529D1C9800084CA66 /* AbhiUITests.swift */ = {isa = PBXFileReference; lastKnownFileType = sourcecode.swift; path = AbhiUITests.swift; sourceTree = "<group>"; };
		DF30D2B729D1C9800084CA66 /* AbhiUITestsLaunchTests.swift */ = {isa = PBXFileReference; lastKnownFileType = sourcecode.swift; path = AbhiUITestsLaunchTests.swift; sourceTree = "<group>"; };
/* End PBXFileReference section */

/* Begin PBXFrameworksBuildPhase section */
		DF30D28B29D1C97E0084CA66 /* Frameworks */ = {
			isa = PBXFrameworksBuildPhase;
			buildActionMask = 2147483647;
			files = (
			);
			runOnlyForDeploymentPostprocessing = 0;
		};
		DF30D2A429D1C9800084CA66 /* Frameworks */ = {
			isa = PBXFrameworksBuildPhase;
			buildActionMask = 2147483647;
			files = (
			);
			runOnlyForDeploymentPostprocessing = 0;
		};
		DF30D2AE29D1C9800084CA66 /* Frameworks */ = {
			isa = PBXFrameworksBuildPhase;
			buildActionMask = 2147483647;
			files = (
			);
			runOnlyForDeploymentPostprocessing = 0;
		};
/* End PBXFrameworksBuildPhase section */

/* Begin PBXGroup section */
		DF30D28529D1C97E0084CA66 = {
			isa = PBXGroup;
			children = (
				DF30D29029D1C97E0084CA66 /* Abhi */,
				DF30D2AA29D1C9800084CA66 /* AbhiTests */,
				DF30D2B429D1C9800084CA66 /* AbhiUITests */,
				DF30D28F29D1C97E0084CA66 /* Products */,
			);
			sourceTree = "<group>";
		};
		DF30D28F29D1C97E0084CA66 /* Products */ = {
			isa = PBXGroup;
			children = (
				DF30D28E29D1C97E0084CA66 /* Abhi.app */,
				DF30D2A729D1C9800084CA66 /* AbhiTests.xctest */,
				DF30D2B129D1C9800084CA66 /* AbhiUITests.xctest */,
			);
			name = Products;
			sourceTree = "<group>";
		};
		DF30D29029D1C97E0084CA66 /* Abhi */ = {
			isa = PBXGroup;
			children = (
				DF30D29129D1C97E0084CA66 /* AppDelegate.swift */,
				DF30D29329D1C97E0084CA66 /* SceneDelegate.swift */,
				DF30D29529D1C97E0084CA66 /* ViewController.swift */,
				DF30D29729D1C97E0084CA66 /* Main.storyboard */,
				DF30D29D29D1C9800084CA66 /* Assets.xcassets */,
				DF30D29F29D1C9800084CA66 /* LaunchScreen.storyboard */,
				DF30D2A229D1C9800084CA66 /* Info.plist */,
				DF30D29A29D1C97E0084CA66 /* Abhi.xcdatamodeld */,
			);
			path = Abhi;
			sourceTree = "<group>";
		};
		DF30D2AA29D1C9800084CA66 /* AbhiTests */ = {
			isa = PBXGroup;
			children = (
				DF30D2AB29D1C9800084CA66 /* AbhiTests.swift */,
			);
			path = AbhiTests;
			sourceTree = "<group>";
		};
		DF30D2B429D1C9800084CA66 /* AbhiUITests */ = {
			isa = PBXGroup;
			children = (
				DF30D2B529D1C9800084CA66 /* AbhiUITests.swift */,
				DF30D2B729D1C9800084CA66 /* AbhiUITestsLaunchTests.swift */,
			);
			path = AbhiUITests;
			sourceTree = "<group>";
		};
/* End PBXGroup section */

/* Begin PBXNativeTarget section */
		DF30D28D29D1C97E0084CA66 /* Abhi */ = {
			isa = PBXNativeTarget;
			buildConfigurationList = DF30D2BB29D1C9800084CA66 /* Build configuration list for PBXNativeTarget "Abhi" */;
			buildPhases = (
				DF30D28A29D1C97E0084CA66 /* Sources */,
				DF30D28B29D1C97E0084CA66 /* Frameworks */,
				DF30D28C29D1C97E0084CA66 /* Resources */,
			);
			buildRules = (
			);
			dependencies = (
			);
			name = Abhi;
			productName = Abhi;
			productReference = DF30D28E29D1C97E0084CA66 /* Abhi.app */;
			productType = "com.apple.product-type.application";
		};
		DF30D2A629D1C9800084CA66 /* AbhiTests */ = {
			isa = PBXNativeTarget;
			buildConfigurationList = DF30D2BE29D1C9800084CA66 /* Build configuration list for PBXNativeTarget "AbhiTests" */;
			buildPhases = (
				DF30D2A329D1C9800084CA66 /* Sources */,
				DF30D2A429D1C9800084CA66 /* Frameworks */,
				DF30D2A529D1C9800084CA66 /* Resources */,
			);
			buildRules = (
			);
			dependencies = (
				DF30D2A929D1C9800084CA66 /* PBXTargetDependency */,
			);
			name = AbhiTests;
			productName = AbhiTests;
			productReference = DF30D2A729D1C9800084CA66 /* AbhiTests.xctest */;
			productType = "com.apple.product-type.bundle.unit-test";
		};
		DF30D2B029D1C9800084CA66 /* AbhiUITests */ = {
			isa = PBXNativeTarget;
			buildConfigurationList = DF30D2C129D1C9800084CA66 /* Build configuration list for PBXNativeTarget "AbhiUITests" */;
			buildPhases = (
				DF30D2AD29D1C9800084CA66 /* Sources */,
				DF30D2AE29D1C9800084CA66 /* Frameworks */,
				DF30D2AF29D1C9800084CA66 /* Resources */,
			);
			buildRules = (
			);
			dependencies = (
				DF30D2B329D1C9800084CA66 /* PBXTargetDependency */,
			);
			name = AbhiUITests;
			productName = AbhiUITests;
			productReference = DF30D2B129D1C9800084CA66 /* AbhiUITests.xctest */;
			productType = "com.apple.product-type.bundle.ui-testing";
		};
/* End PBXNativeTarget section */

/* Begin PBXProject section */
		DF30D28629D1C97E0084CA66 /* Project object */ = {
			isa = PBXProject;
			attributes = {
				BuildIndependentTargetsInParallel = 1;
				LastSwiftUpdateCheck = 1420;
				LastUpgradeCheck = 1420;
				TargetAttributes = {
					DF30D28D29D1C97E0084CA66 = {
						CreatedOnToolsVersion = 14.2;
					};
					DF30D2A629D1C9800084CA66 = {
						CreatedOnToolsVersion = 14.2;
						TestTargetID = DF30D28D29D1C97E0084CA66;
					};
					DF30D2B029D1C9800084CA66 = {
						CreatedOnToolsVersion = 14.2;
						TestTargetID = DF30D28D29D1C97E0084CA66;
					};
				};
			};
			buildConfigurationList = DF30D28929D1C97E0084CA66 /* Build configuration list for PBXProject "Abhi" */;
			compatibilityVersion = "Xcode 14.0";
			developmentRegion = en;
			hasScannedForEncodings = 0;
			knownRegions = (
				en,
				Base,
			);
			mainGroup = DF30D28529D1C97E0084CA66;
			productRefGroup = DF30D28F29D1C97E0084CA66 /* Products */;
			projectDirPath = "";
			projectRoot = "";
			targets = (
				DF30D28D29D1C97E0084CA66 /* Abhi */,
				DF30D2A629D1C9800084CA66 /* AbhiTests */,
				DF30D2B029D1C9800084CA66 /* AbhiUITests */,
			);
		};
/* End PBXProject section */

/* Begin PBXResourcesBuildPhase section */
		DF30D28C29D1C97E0084CA66 /* Resources */ = {
			isa = PBXResourcesBuildPhase;
			buildActionMask = 2147483647;
			files = (
				DF30D2A129D1C9800084CA66 /* LaunchScreen.storyboard in Resources */,
				DF30D29E29D1C9800084CA66 /* Assets.xcassets in Resources */,
				DF30D29929D1C97E0084CA66 /* Main.storyboard in Resources */,
			);
			runOnlyForDeploymentPostprocessing = 0;
		};
		DF30D2A529D1C9800084CA66 /* Resources */ = {
			isa = PBXResourcesBuildPhase;
			buildActionMask = 2147483647;
			files = (
			);
			runOnlyForDeploymentPostprocessing = 0;
		};
		DF30D2AF29D1C9800084CA66 /* Resources */ = {
			isa = PBXResourcesBuildPhase;
			buildActionMask = 2147483647;
			files = (
			);
			runOnlyForDeploymentPostprocessing = 0;
		};
/* End PBXResourcesBuildPhase section */

/* Begin PBXSourcesBuildPhase section */
		DF30D28A29D1C97E0084CA66 /* Sources */ = {
			isa = PBXSourcesBuildPhase;
			buildActionMask = 2147483647;
			files = (
				DF30D29629D1C97E0084CA66 /* ViewController.swift in Sources */,
				DF30D29C29D1C97E0084CA66 /* Abhi.xcdatamodeld in Sources */,
				DF30D29229D1C97E0084CA66 /* AppDelegate.swift in Sources */,
				DF30D29429D1C97E0084CA66 /* SceneDelegate.swift in Sources */,
			);
			runOnlyForDeploymentPostprocessing = 0;
		};
		DF30D2A329D1C9800084CA66 /* Sources */ = {
			isa = PBXSourcesBuildPhase;
			buildActionMask = 2147483647;
			files = (
				DF30D2AC29D1C9800084CA66 /* AbhiTests.swift in Sources */,
			);
			runOnlyForDeploymentPostprocessing = 0;
		};
		DF30D2AD29D1C9800084CA66 /* Sources */ = {
			isa = PBXSourcesBuildPhase;
			buildActionMask = 2147483647;
			files = (
				DF30D2B829D1C9800084CA66 /* AbhiUITestsLaunchTests.swift in Sources */,
				DF30D2B629D1C9800084CA66 /* AbhiUITests.swift in Sources */,
			);
			runOnlyForDeploymentPostprocessing = 0;
		};
/* End PBXSourcesBuildPhase section */

/* Begin PBXTargetDependency section */
		DF30D2A929D1C9800084CA66 /* PBXTargetDependency */ = {
			isa = PBXTargetDependency;
			target = DF30D28D29D1C97E0084CA66 /* Abhi */;
			targetProxy = DF30D2A829D1C9800084CA66 /* PBXContainerItemProxy */;
		};
		DF30D2B329D1C9800084CA66 /* PBXTargetDependency */ = {
			isa = PBXTargetDependency;
			target = DF30D28D29D1C97E0084CA66 /* Abhi */;
			targetProxy = DF30D2B229D1C9800084CA66 /* PBXContainerItemProxy */;
		};
/* End PBXTargetDependency section */

/* Begin PBXVariantGroup section */
		DF30D29729D1C97E0084CA66 /* Main.storyboard */ = {
			isa = PBXVariantGroup;
			children = (
				DF30D29829D1C97E0084CA66 /* Base */,
			);
			name = Main.storyboard;
			sourceTree = "<group>";
		};
		DF30D29F29D1C9800084CA66 /* LaunchScreen.storyboard */ = {
			isa = PBXVariantGroup;
			children = (
				DF30D2A029D1C9800084CA66 /* Base */,
			);
			name = LaunchScreen.storyboard;
			sourceTree = "<group>";
		};
/* End PBXVariantGroup section */

/* Begin XCBuildConfiguration section */
		DF30D2B929D1C9800084CA66 /* Debug */ = {
			isa = XCBuildConfiguration;
			buildSettings = {
				ALWAYS_SEARCH_USER_PATHS = NO;
				CLANG_ANALYZER_NONNULL = YES;
				CLANG_ANALYZER_NUMBER_OBJECT_CONVERSION = YES_AGGRESSIVE;
				CLANG_CXX_LANGUAGE_STANDARD = "gnu++20";
				CLANG_ENABLE_MODULES = YES;
				CLANG_ENABLE_OBJC_ARC = YES;
				CLANG_ENABLE_OBJC_WEAK = YES;
				CLANG_WARN_BLOCK_CAPTURE_AUTORELEASING = YES;
				CLANG_WARN_BOOL_CONVERSION = YES;
				CLANG_WARN_COMMA = YES;
				CLANG_WARN_CONSTANT_CONVERSION = YES;
				CLANG_WARN_DEPRECATED_OBJC_IMPLEMENTATIONS = YES;
				CLANG_WARN_DIRECT_OBJC_ISA_USAGE = YES_ERROR;
				CLANG_WARN_DOCUMENTATION_COMMENTS = YES;
				CLANG_WARN_EMPTY_BODY = YES;
				CLANG_WARN_ENUM_CONVERSION = YES;
				CLANG_WARN_INFINITE_RECURSION = YES;
				CLANG_WARN_INT_CONVERSION = YES;
				CLANG_WARN_NON_LITERAL_NULL_CONVERSION = YES;
				CLANG_WARN_OBJC_IMPLICIT_RETAIN_SELF = YES;
				CLANG_WARN_OBJC_LITERAL_CONVERSION = YES;
				CLANG_WARN_OBJC_ROOT_CLASS = YES_ERROR;
				CLANG_WARN_QUOTED_INCLUDE_IN_FRAMEWORK_HEADER = YES;
				CLANG_WARN_RANGE_LOOP_ANALYSIS = YES;
				CLANG_WARN_STRICT_PROTOTYPES = YES;
				CLANG_WARN_SUSPICIOUS_MOVE = YES;
				CLANG_WARN_UNGUARDED_AVAILABILITY = YES_AGGRESSIVE;
				CLANG_WARN_UNREACHABLE_CODE = YES;
				CLANG_WARN__DUPLICATE_METHOD_MATCH = YES;
				COPY_PHASE_STRIP = NO;
				DEBUG_INFORMATION_FORMAT = dwarf;
				ENABLE_STRICT_OBJC_MSGSEND = YES;
				ENABLE_TESTABILITY = YES;
				GCC_C_LANGUAGE_STANDARD = gnu11;
				GCC_DYNAMIC_NO_PIC = NO;
				GCC_NO_COMMON_BLOCKS = YES;
				GCC_OPTIMIZATION_LEVEL = 0;
				GCC_PREPROCESSOR_DEFINITIONS = (
					"DEBUG=1",
					"$(inherited)",
				);
				GCC_WARN_64_TO_32_BIT_CONVERSION = YES;
				GCC_WARN_ABOUT_RETURN_TYPE = YES_ERROR;
				GCC_WARN_UNDECLARED_SELECTOR = YES;
				GCC_WARN_UNINITIALIZED_AUTOS = YES_AGGRESSIVE;
				GCC_WARN_UNUSED_FUNCTION = YES;
				GCC_WARN_UNUSED_VARIABLE = YES;
				IPHONEOS_DEPLOYMENT_TARGET = 16.2;
				MTL_ENABLE_DEBUG_INFO = INCLUDE_SOURCE;
				MTL_FAST_MATH = YES;
				ONLY_ACTIVE_ARCH = YES;
				SDKROOT = iphoneos;
				SWIFT_ACTIVE_COMPILATION_CONDITIONS = DEBUG;
				SWIFT_OPTIMIZATION_LEVEL = "-Onone";
			};
			name = Debug;
		};
		DF30D2BA29D1C9800084CA66 /* Release */ = {
			isa = XCBuildConfiguration;
			buildSettings = {
				ALWAYS_SEARCH_USER_PATHS = NO;
				CLANG_ANALYZER_NONNULL = YES;
				CLANG_ANALYZER_NUMBER_OBJECT_CONVERSION = YES_AGGRESSIVE;
				CLANG_CXX_LANGUAGE_STANDARD = "gnu++20";
				CLANG_ENABLE_MODULES = YES;
				CLANG_ENABLE_OBJC_ARC = YES;
				CLANG_ENABLE_OBJC_WEAK = YES;
				CLANG_WARN_BLOCK_CAPTURE_AUTORELEASING = YES;
				CLANG_WARN_BOOL_CONVERSION = YES;
				CLANG_WARN_COMMA = YES;
				CLANG_WARN_CONSTANT_CONVERSION = YES;
				CLANG_WARN_DEPRECATED_OBJC_IMPLEMENTATIONS = YES;
				CLANG_WARN_DIRECT_OBJC_ISA_USAGE = YES_ERROR;
				CLANG_WARN_DOCUMENTATION_COMMENTS = YES;
				CLANG_WARN_EMPTY_BODY = YES;
				CLANG_WARN_ENUM_CONVERSION = YES;
				CLANG_WARN_INFINITE_RECURSION = YES;
				CLANG_WARN_INT_CONVERSION = YES;
				CLANG_WARN_NON_LITERAL_NULL_CONVERSION = YES;
				CLANG_WARN_OBJC_IMPLICIT_RETAIN_SELF = YES;
				CLANG_WARN_OBJC_LITERAL_CONVERSION = YES;
				CLANG_WARN_OBJC_ROOT_CLASS = YES_ERROR;
				CLANG_WARN_QUOTED_INCLUDE_IN_FRAMEWORK_HEADER = YES;
				CLANG_WARN_RANGE_LOOP_ANALYSIS = YES;
				CLANG_WARN_STRICT_PROTOTYPES = YES;
				CLANG_WARN_SUSPICIOUS_MOVE = YES;
				CLANG_WARN_UNGUARDED_AVAILABILITY = YES_AGGRESSIVE;
				CLANG_WARN_UNREACHABLE_CODE = YES;
				CLANG_WARN__DUPLICATE_METHOD_MATCH = YES;
				COPY_PHASE_STRIP = NO;
				DEBUG_INFORMATION_FORMAT = "dwarf-with-dsym";
				ENABLE_NS_ASSERTIONS = NO;
				ENABLE_STRICT_OBJC_MSGSEND = YES;
				GCC_C_LANGUAGE_STANDARD = gnu11;
				GCC_NO_COMMON_BLOCKS = YES;
				GCC_WARN_64_TO_32_BIT_CONVERSION = YES;
				GCC_WARN_ABOUT_RETURN_TYPE = YES_ERROR;
				GCC_WARN_UNDECLARED_SELECTOR = YES;
				GCC_WARN_UNINITIALIZED_AUTOS = YES_AGGRESSIVE;
				GCC_WARN_UNUSED_FUNCTION = YES;
				GCC_WARN_UNUSED_VARIABLE = YES;
				IPHONEOS_DEPLOYMENT_TARGET = 16.2;
				MTL_ENABLE_DEBUG_INFO = NO;
				MTL_FAST_MATH = YES;
				SDKROOT = iphoneos;
				SWIFT_COMPILATION_MODE = wholemodule;
				SWIFT_OPTIMIZATION_LEVEL = "-O";
				VALIDATE_PRODUCT = YES;
			};
			name = Release;
		};
		DF30D2BC29D1C9800084CA66 /* Debug */ = {
			isa = XCBuildConfiguration;
			buildSettings = {
				ASSETCATALOG_COMPILER_APPICON_NAME = AppIcon;
				ASSETCATALOG_COMPILER_GLOBAL_ACCENT_COLOR_NAME = AccentColor;
				CODE_SIGN_STYLE = Automatic;
				CURRENT_PROJECT_VERSION = 1;
				GENERATE_INFOPLIST_FILE = YES;
				INFOPLIST_FILE = Abhi/Info.plist;
				INFOPLIST_KEY_UIApplicationSupportsIndirectInputEvents = YES;
				INFOPLIST_KEY_UILaunchStoryboardName = LaunchScreen;
				INFOPLIST_KEY_UIMainStoryboardFile = Main;
				INFOPLIST_KEY_UISupportedInterfaceOrientations_iPad = "UIInterfaceOrientationPortrait UIInterfaceOrientationPortraitUpsideDown UIInterfaceOrientationLandscapeLeft UIInterfaceOrientationLandscapeRight";
				INFOPLIST_KEY_UISupportedInterfaceOrientations_iPhone = "UIInterfaceOrientationPortrait UIInterfaceOrientationLandscapeLeft UIInterfaceOrientationLandscapeRight";
				LD_RUNPATH_SEARCH_PATHS = (
					"$(inherited)",
					"@executable_path/Frameworks",
				);
				MARKETING_VERSION = 1.0;
				PRODUCT_BUNDLE_IDENTIFIER = simple.Abhi;
				PRODUCT_NAME = "$(TARGET_NAME)";
				SWIFT_EMIT_LOC_STRINGS = YES;
				SWIFT_VERSION = 5.0;
				TARGETED_DEVICE_FAMILY = "1,2";
			};
			name = Debug;
		};
		DF30D2BD29D1C9800084CA66 /* Release */ = {
			isa = XCBuildConfiguration;
			buildSettings = {
				ASSETCATALOG_COMPILER_APPICON_NAME = AppIcon;
				ASSETCATALOG_COMPILER_GLOBAL_ACCENT_COLOR_NAME = AccentColor;
				CODE_SIGN_STYLE = Automatic;
				CURRENT_PROJECT_VERSION = 1;
				GENERATE_INFOPLIST_FILE = YES;
				INFOPLIST_FILE = Abhi/Info.plist;
				INFOPLIST_KEY_UIApplicationSupportsIndirectInputEvents = YES;
				INFOPLIST_KEY_UILaunchStoryboardName = LaunchScreen;
				INFOPLIST_KEY_UIMainStoryboardFile = Main;
				INFOPLIST_KEY_UISupportedInterfaceOrientations_iPad = "UIInterfaceOrientationPortrait UIInterfaceOrientationPortraitUpsideDown UIInterfaceOrientationLandscapeLeft UIInterfaceOrientationLandscapeRight";
				INFOPLIST_KEY_UISupportedInterfaceOrientations_iPhone = "UIInterfaceOrientationPortrait UIInterfaceOrientationLandscapeLeft UIInterfaceOrientationLandscapeRight";
				LD_RUNPATH_SEARCH_PATHS = (
					"$(inherited)",
					"@executable_path/Frameworks",
				);
				MARKETING_VERSION = 1.0;
				PRODUCT_BUNDLE_IDENTIFIER = simple.Abhi;
				PRODUCT_NAME = "$(TARGET_NAME)";
				SWIFT_EMIT_LOC_STRINGS = YES;
				SWIFT_VERSION = 5.0;
				TARGETED_DEVICE_FAMILY = "1,2";
			};
			name = Release;
		};
		DF30D2BF29D1C9800084CA66 /* Debug */ = {
			isa = XCBuildConfiguration;
			buildSettings = {
				ALWAYS_EMBED_SWIFT_STANDARD_LIBRARIES = YES;
				BUNDLE_LOADER = "$(TEST_HOST)";
				CODE_SIGN_STYLE = Automatic;
				CURRENT_PROJECT_VERSION = 1;
				GENERATE_INFOPLIST_FILE = YES;
				IPHONEOS_DEPLOYMENT_TARGET = 16.2;
				MARKETING_VERSION = 1.0;
				PRODUCT_BUNDLE_IDENTIFIER = simple.AbhiTests;
				PRODUCT_NAME = "$(TARGET_NAME)";
				SWIFT_EMIT_LOC_STRINGS = NO;
				SWIFT_VERSION = 5.0;
				TARGETED_DEVICE_FAMILY = "1,2";
				TEST_HOST = "$(BUILT_PRODUCTS_DIR)/Abhi.app/$(BUNDLE_EXECUTABLE_FOLDER_PATH)/Abhi";
			};
			name = Debug;
		};
		DF30D2C029D1C9800084CA66 /* Release */ = {
			isa = XCBuildConfiguration;
			buildSettings = {
				ALWAYS_EMBED_SWIFT_STANDARD_LIBRARIES = YES;
				BUNDLE_LOADER = "$(TEST_HOST)";
				CODE_SIGN_STYLE = Automatic;
				CURRENT_PROJECT_VERSION = 1;
				GENERATE_INFOPLIST_FILE = YES;
				IPHONEOS_DEPLOYMENT_TARGET = 16.2;
				MARKETING_VERSION = 1.0;
				PRODUCT_BUNDLE_IDENTIFIER = simple.AbhiTests;
				PRODUCT_NAME = "$(TARGET_NAME)";
				SWIFT_EMIT_LOC_STRINGS = NO;
				SWIFT_VERSION = 5.0;
				TARGETED_DEVICE_FAMILY = "1,2";
				TEST_HOST = "$(BUILT_PRODUCTS_DIR)/Abhi.app/$(BUNDLE_EXECUTABLE_FOLDER_PATH)/Abhi";
			};
			name = Release;
		};
		DF30D2C229D1C9800084CA66 /* Debug */ = {
			isa = XCBuildConfiguration;
			buildSettings = {
				ALWAYS_EMBED_SWIFT_STANDARD_LIBRARIES = YES;
				CODE_SIGN_STYLE = Automatic;
				CURRENT_PROJECT_VERSION = 1;
				GENERATE_INFOPLIST_FILE = YES;
				MARKETING_VERSION = 1.0;
				PRODUCT_BUNDLE_IDENTIFIER = simple.AbhiUITests;
				PRODUCT_NAME = "$(TARGET_NAME)";
				SWIFT_EMIT_LOC_STRINGS = NO;
				SWIFT_VERSION = 5.0;
				TARGETED_DEVICE_FAMILY = "1,2";
				TEST_TARGET_NAME = Abhi;
			};
			name = Debug;
		};
		DF30D2C329D1C9800084CA66 /* Release */ = {
			isa = XCBuildConfiguration;
			buildSettings = {
				ALWAYS_EMBED_SWIFT_STANDARD_LIBRARIES = YES;
				CODE_SIGN_STYLE = Automatic;
				CURRENT_PROJECT_VERSION = 1;
				GENERATE_INFOPLIST_FILE = YES;
				MARKETING_VERSION = 1.0;
				PRODUCT_BUNDLE_IDENTIFIER = simple.AbhiUITests;
				PRODUCT_NAME = "$(TARGET_NAME)";
				SWIFT_EMIT_LOC_STRINGS = NO;
				SWIFT_VERSION = 5.0;
				TARGETED_DEVICE_FAMILY = "1,2";
				TEST_TARGET_NAME = Abhi;
			};
			name = Release;
		};
/* End XCBuildConfiguration section */

/* Begin XCConfigurationList section */
		DF30D28929D1C97E0084CA66 /* Build configuration list for PBXProject "Abhi" */ = {
			isa = XCConfigurationList;
			buildConfigurations = (
				DF30D2B929D1C9800084CA66 /* Debug */,
				DF30D2BA29D1C9800084CA66 /* Release */,
			);
			defaultConfigurationIsVisible = 0;
			defaultConfigurationName = Release;
		};
		DF30D2BB29D1C9800084CA66 /* Build configuration list for PBXNativeTarget "Abhi" */ = {
			isa = XCConfigurationList;
			buildConfigurations = (
				DF30D2BC29D1C9800084CA66 /* Debug */,
				DF30D2BD29D1C9800084CA66 /* Release */,
			);
			defaultConfigurationIsVisible = 0;
			defaultConfigurationName = Release;
		};
		DF30D2BE29D1C9800084CA66 /* Build configuration list for PBXNativeTarget "AbhiTests" */ = {
			isa = XCConfigurationList;
			buildConfigurations = (
				DF30D2BF29D1C9800084CA66 /* Debug */,
				DF30D2C029D1C9800084CA66 /* Release */,
			);
			defaultConfigurationIsVisible = 0;
			defaultConfigurationName = Release;
		};
		DF30D2C129D1C9800084CA66 /* Build configuration list for PBXNativeTarget "AbhiUITests" */ = {
			isa = XCConfigurationList;
			buildConfigurations = (
				DF30D2C229D1C9800084CA66 /* Debug */,
				DF30D2C329D1C9800084CA66 /* Release */,
			);
			defaultConfigurationIsVisible = 0;
			defaultConfigurationName = Release;
		};
/* End XCConfigurationList section */

/* Begin XCVersionGroup section */
		DF30D29A29D1C97E0084CA66 /* Abhi.xcdatamodeld */ = {
			isa = XCVersionGroup;
			children = (
				DF30D29B29D1C97E0084CA66 /* Abhi.xcdatamodel */,
			);
			currentVersion = DF30D29B29D1C97E0084CA66 /* Abhi.xcdatamodel */;
			path = Abhi.xcdatamodeld;
			sourceTree = "<group>";
			versionGroupType = wrapper.xcdatamodel;
		};
/* End XCVersionGroup section */
	};
	rootObject = DF30D28629D1C97E0084CA66 /* Project object */;
}
